
Microsoft Visual Studio Solution File, Format Version 12.00
# Visual Studio Version 17
VisualStudioVersion = 17.12.35506.116
MinimumVisualStudioVersion = 10.0.40219.1
Project("{9A19103F-16F7-4668-BE54-9A1E7A4F7556}") = "Calculadora", "Calculadora\Calculadora.csproj", "{822EF0EA-1E25-4FAC-9A89-875EE6C6DE3F}"
EndProject
Project("{FAE04EC0-301F-11D3-BF4B-00C04F79EFBC}") = "PruebasCalculadora", "PruebasCalculadora\PruebasCalculadora.csproj", "{041CAB23-A133-431E-90AA-30A268B29F57}"
EndProject
Global
	GlobalSection(SolutionConfigurationPlatforms) = preSolution
		Debug|Any CPU = Debug|Any CPU
		Release|Any CPU = Release|Any CPU
	EndGlobalSection
	GlobalSection(ProjectConfigurationPlatforms) = postSolution
		{822EF0EA-1E25-4FAC-9A89-875EE6C6DE3F}.Debug|Any CPU.ActiveCfg = Debug|Any CPU
		{822EF0EA-1E25-4FAC-9A89-875EE6C6DE3F}.Debug|Any CPU.Build.0 = Debug|Any CPU
		{822EF0EA-1E25-4FAC-9A89-875EE6C6DE3F}.Release|Any CPU.ActiveCfg = Release|Any CPU
		{822EF0EA-1E25-4FAC-9A89-875EE6C6DE3F}.Release|Any CPU.Build.0 = Release|Any CPU
		{041CAB23-A133-431E-90AA-30A268B29F57}.Debug|Any CPU.ActiveCfg = Debug|Any CPU
		{041CAB23-A133-431E-90AA-30A268B29F57}.Debug|Any CPU.Build.0 = Debug|Any CPU
		{041CAB23-A133-431E-90AA-30A268B29F57}.Release|Any CPU.ActiveCfg = Release|Any CPU
		{041CAB23-A133-431E-90AA-30A268B29F57}.Release|Any CPU.Build.0 = Release|Any CPU
	EndGlobalSection
	GlobalSection(SolutionProperties) = preSolution
		HideSolutionNode = FALSE
	EndGlobalSection
	GlobalSection(ExtensibilityGlobals) = postSolution
		SolutionGuid = {6B039B91-60AE-45CF-AE2D-EE388E5F870B}
	EndGlobalSection
EndGlobal
